
Microsoft Visual Studio Solution File, Format Version 12.00
# Visual Studio Version 17
VisualStudioVersion = 17.13.35913.81 d17.13
MinimumVisualStudioVersion = 10.0.40219.1
Project("{FAE04EC0-301F-11D3-BF4B-00C04F79EFBC}") = "MyLibrary", "MyLibrary\MyLibrary.csproj", "{C672C948-A7DA-4C00-88D4-B5F3EEB0C52F}"
EndProject
Global
	GlobalSection(SolutionConfigurationPlatforms) = preSolution
		Debug|Any CPU = Debug|Any CPU
		Release|Any CPU = Release|Any CPU
	EndGlobalSection
	GlobalSection(ProjectConfigurationPlatforms) = postSolution
		{C672C948-A7DA-4C00-88D4-B5F3EEB0C52F}.Debug|Any CPU.ActiveCfg = Debug|Any CPU
		{C672C948-A7DA-4C00-88D4-B5F3EEB0C52F}.Debug|Any CPU.Build.0 = Debug|Any CPU
		{C672C948-A7DA-4C00-88D4-B5F3EEB0C52F}.Release|Any CPU.ActiveCfg = Release|Any CPU
		{C672C948-A7DA-4C00-88D4-B5F3EEB0C52F}.Release|Any CPU.Build.0 = Release|Any CPU
	EndGlobalSection
	GlobalSection(SolutionProperties) = preSolution
		HideSolutionNode = FALSE
	EndGlobalSection
	GlobalSection(ExtensibilityGlobals) = postSolution
		SolutionGuid = {66D1E6AE-32E8-41EB-8D09-AC0D2698513C}
	EndGlobalSection
EndGlobal
